// !$*UTF8*$!
{
	archiveVersion = 1;
	classes = {
	};
	objectVersion = 48;
	objects = {

/* Begin PBXBuildFile section */
		BEEBAD812172C3F3007A2DB9 /* AppDelegate.swift in Sources */ = {isa = PBXBuildFile; fileRef = BEEBAD802172C3F3007A2DB9 /* AppDelegate.swift */; };
		BEEBAD832172C3F3007A2DB9 /* ViewController.swift in Sources */ = {isa = PBXBuildFile; fileRef = BEEBAD822172C3F3007A2DB9 /* ViewController.swift */; };
		BEEBAD882172C3F3007A2DB9 /* Assets.xcassets in Resources */ = {isa = PBXBuildFile; fileRef = BEEBAD872172C3F3007A2DB9 /* Assets.xcassets */; };
		BEEBAD992172C4D1007A2DB9 /* NotificationCenter.framework in Frameworks */ = {isa = PBXBuildFile; fileRef = BEEBAD982172C4D1007A2DB9 /* NotificationCenter.framework */; };
		BEEBAD9C2172C4D1007A2DB9 /* TodayViewController.swift in Sources */ = {isa = PBXBuildFile; fileRef = BEEBAD9B2172C4D1007A2DB9 /* TodayViewController.swift */; };
		BEEBADA32172C4D1007A2DB9 /* UsersExtension.appex in Embed App Extensions */ = {isa = PBXBuildFile; fileRef = BEEBAD962172C4D1007A2DB9 /* UsersExtension.appex */; settings = {ATTRIBUTES = (RemoveHeadersOnCopy, ); }; };
		BEEBADA92172C4F2007A2DB9 /* UserModel.swift in Sources */ = {isa = PBXBuildFile; fileRef = BEEBADA82172C4F2007A2DB9 /* UserModel.swift */; };
		BEEBADAD2172C5BF007A2DB9 /* UserCell.swift in Sources */ = {isa = PBXBuildFile; fileRef = BEEBADAC2172C5BF007A2DB9 /* UserCell.swift */; };
		BEEBADB22172CC68007A2DB9 /* LaunchScreen 20-23-42-468.storyboard in Resources */ = {isa = PBXBuildFile; fileRef = BEEBADB02172CC68007A2DB9 /* LaunchScreen 20-23-42-468.storyboard */; };
		BEEBADB52172D648007A2DB9 /* Assets.xcassets in Resources */ = {isa = PBXBuildFile; fileRef = BEEBAD872172C3F3007A2DB9 /* Assets.xcassets */; };
		BEEBADBE2172E0A5007A2DB9 /* Extensions.swift in Sources */ = {isa = PBXBuildFile; fileRef = BEEBADBD2172E0A5007A2DB9 /* Extensions.swift */; };
		BEEBADBF2172E0A5007A2DB9 /* Extensions.swift in Sources */ = {isa = PBXBuildFile; fileRef = BEEBADBD2172E0A5007A2DB9 /* Extensions.swift */; };
/* End PBXBuildFile section */

/* Begin PBXContainerItemProxy section */
		BEEBADA12172C4D1007A2DB9 /* PBXContainerItemProxy */ = {
			isa = PBXContainerItemProxy;
			containerPortal = BEEBAD752172C3F3007A2DB9 /* Project object */;
			proxyType = 1;
			remoteGlobalIDString = BEEBAD952172C4D1007A2DB9;
			remoteInfo = UsersExtension;
		};
/* End PBXContainerItemProxy section */

/* Begin PBXCopyFilesBuildPhase section */
		BEEBADA72172C4D1007A2DB9 /* Embed App Extensions */ = {
			isa = PBXCopyFilesBuildPhase;
			buildActionMask = 2147483647;
			dstPath = "";
			dstSubfolderSpec = 13;
			files = (
				BEEBADA32172C4D1007A2DB9 /* UsersExtension.appex in Embed App Extensions */,
			);
			name = "Embed App Extensions";
			runOnlyForDeploymentPostprocessing = 0;
		};
/* End PBXCopyFilesBuildPhase section */

/* Begin PBXFileReference section */
		BEEBAD7D2172C3F3007A2DB9 /* UserDemo.app */ = {isa = PBXFileReference; explicitFileType = wrapper.application; includeInIndex = 0; path = UserDemo.app; sourceTree = BUILT_PRODUCTS_DIR; };
		BEEBAD802172C3F3007A2DB9 /* AppDelegate.swift */ = {isa = PBXFileReference; lastKnownFileType = sourcecode.swift; path = AppDelegate.swift; sourceTree = "<group>"; };
		BEEBAD822172C3F3007A2DB9 /* ViewController.swift */ = {isa = PBXFileReference; lastKnownFileType = sourcecode.swift; path = ViewController.swift; sourceTree = "<group>"; };
		BEEBAD872172C3F3007A2DB9 /* Assets.xcassets */ = {isa = PBXFileReference; lastKnownFileType = folder.assetcatalog; path = Assets.xcassets; sourceTree = "<group>"; };
		BEEBAD8C2172C3F3007A2DB9 /* Info.plist */ = {isa = PBXFileReference; lastKnownFileType = text.plist.xml; path = Info.plist; sourceTree = "<group>"; };
		BEEBAD962172C4D1007A2DB9 /* UsersExtension.appex */ = {isa = PBXFileReference; explicitFileType = "wrapper.app-extension"; includeInIndex = 0; path = UsersExtension.appex; sourceTree = BUILT_PRODUCTS_DIR; };
		BEEBAD982172C4D1007A2DB9 /* NotificationCenter.framework */ = {isa = PBXFileReference; lastKnownFileType = wrapper.framework; name = NotificationCenter.framework; path = System/Library/Frameworks/NotificationCenter.framework; sourceTree = SDKROOT; };
		BEEBAD9B2172C4D1007A2DB9 /* TodayViewController.swift */ = {isa = PBXFileReference; lastKnownFileType = sourcecode.swift; path = TodayViewController.swift; sourceTree = "<group>"; };
		BEEBADA02172C4D1007A2DB9 /* Info.plist */ = {isa = PBXFileReference; lastKnownFileType = text.plist.xml; path = Info.plist; sourceTree = "<group>"; };
		BEEBADA82172C4F2007A2DB9 /* UserModel.swift */ = {isa = PBXFileReference; lastKnownFileType = sourcecode.swift; path = UserModel.swift; sourceTree = "<group>"; };
		BEEBADAC2172C5BF007A2DB9 /* UserCell.swift */ = {isa = PBXFileReference; lastKnownFileType = sourcecode.swift; path = UserCell.swift; sourceTree = "<group>"; };
		BEEBADB12172CC68007A2DB9 /* Base */ = {isa = PBXFileReference; lastKnownFileType = file.storyboard; name = Base; path = "UserDemo/Base.lproj/LaunchScreen 20-23-42-468.storyboard"; sourceTree = "<group>"; };
		BEEBADB32172CE2E007A2DB9 /* UserDemo.entitlements */ = {isa = PBXFileReference; lastKnownFileType = text.plist.entitlements; path = UserDemo.entitlements; sourceTree = "<group>"; };
		BEEBADB42172CE6A007A2DB9 /* UsersExtension.entitlements */ = {isa = PBXFileReference; lastKnownFileType = text.plist.entitlements; path = UsersExtension.entitlements; sourceTree = "<group>"; };
		BEEBADBD2172E0A5007A2DB9 /* Extensions.swift */ = {isa = PBXFileReference; lastKnownFileType = sourcecode.swift; path = Extensions.swift; sourceTree = "<group>"; };
/* End PBXFileReference section */

/* Begin PBXFrameworksBuildPhase section */
		BEEBAD7A2172C3F3007A2DB9 /* Frameworks */ = {
			isa = PBXFrameworksBuildPhase;
			buildActionMask = 2147483647;
			files = (
			);
			runOnlyForDeploymentPostprocessing = 0;
		};
		BEEBAD932172C4D1007A2DB9 /* Frameworks */ = {
			isa = PBXFrameworksBuildPhase;
			buildActionMask = 2147483647;
			files = (
				BEEBAD992172C4D1007A2DB9 /* NotificationCenter.framework in Frameworks */,
			);
			runOnlyForDeploymentPostprocessing = 0;
		};
/* End PBXFrameworksBuildPhase section */

/* Begin PBXGroup section */
		BEEBAD742172C3F3007A2DB9 = {
			isa = PBXGroup;
			children = (
				BEEBAD7F2172C3F3007A2DB9 /* UserDemo */,
				BEEBAD9A2172C4D1007A2DB9 /* UsersExtension */,
				BEEBAD972172C4D1007A2DB9 /* Frameworks */,
				BEEBAD7E2172C3F3007A2DB9 /* Products */,
			);
			sourceTree = "<group>";
		};
		BEEBAD7E2172C3F3007A2DB9 /* Products */ = {
			isa = PBXGroup;
			children = (
				BEEBAD7D2172C3F3007A2DB9 /* UserDemo.app */,
				BEEBAD962172C4D1007A2DB9 /* UsersExtension.appex */,
			);
			name = Products;
			sourceTree = "<group>";
		};
		BEEBAD7F2172C3F3007A2DB9 /* UserDemo */ = {
			isa = PBXGroup;
			children = (
				BEEBADB32172CE2E007A2DB9 /* UserDemo.entitlements */,
				BEEBADB02172CC68007A2DB9 /* LaunchScreen 20-23-42-468.storyboard */,
				BEEBAD802172C3F3007A2DB9 /* AppDelegate.swift */,
				BEEBAD822172C3F3007A2DB9 /* ViewController.swift */,
				BEEBAD872172C3F3007A2DB9 /* Assets.xcassets */,
				BEEBAD8C2172C3F3007A2DB9 /* Info.plist */,
				BEEBADBD2172E0A5007A2DB9 /* Extensions.swift */,
			);
			path = UserDemo;
			sourceTree = "<group>";
		};
		BEEBAD972172C4D1007A2DB9 /* Frameworks */ = {
			isa = PBXGroup;
			children = (
				BEEBAD982172C4D1007A2DB9 /* NotificationCenter.framework */,
			);
			name = Frameworks;
			sourceTree = "<group>";
		};
		BEEBAD9A2172C4D1007A2DB9 /* UsersExtension */ = {
			isa = PBXGroup;
			children = (
				BEEBADB42172CE6A007A2DB9 /* UsersExtension.entitlements */,
				BEEBAD9B2172C4D1007A2DB9 /* TodayViewController.swift */,
				BEEBADA02172C4D1007A2DB9 /* Info.plist */,
				BEEBADA82172C4F2007A2DB9 /* UserModel.swift */,
				BEEBADAC2172C5BF007A2DB9 /* UserCell.swift */,
			);
			path = UsersExtension;
			sourceTree = "<group>";
		};
/* End PBXGroup section */

/* Begin PBXNativeTarget section */
		BEEBAD7C2172C3F3007A2DB9 /* UserDemo */ = {
			isa = PBXNativeTarget;
			buildConfigurationList = BEEBAD8F2172C3F3007A2DB9 /* Build configuration list for PBXNativeTarget "UserDemo" */;
			buildPhases = (
				BEEBAD792172C3F3007A2DB9 /* Sources */,
				BEEBAD7A2172C3F3007A2DB9 /* Frameworks */,
				BEEBAD7B2172C3F3007A2DB9 /* Resources */,
				BEEBADA72172C4D1007A2DB9 /* Embed App Extensions */,
			);
			buildRules = (
			);
			dependencies = (
				BEEBADA22172C4D1007A2DB9 /* PBXTargetDependency */,
			);
			name = UserDemo;
			productName = UserDemo;
			productReference = BEEBAD7D2172C3F3007A2DB9 /* UserDemo.app */;
			productType = "com.apple.product-type.application";
		};
		BEEBAD952172C4D1007A2DB9 /* UsersExtension */ = {
			isa = PBXNativeTarget;
			buildConfigurationList = BEEBADA42172C4D1007A2DB9 /* Build configuration list for PBXNativeTarget "UsersExtension" */;
			buildPhases = (
				BEEBAD922172C4D1007A2DB9 /* Sources */,
				BEEBAD932172C4D1007A2DB9 /* Frameworks */,
				BEEBAD942172C4D1007A2DB9 /* Resources */,
			);
			buildRules = (
			);
			dependencies = (
			);
			name = UsersExtension;
			productName = UsersExtension;
			productReference = BEEBAD962172C4D1007A2DB9 /* UsersExtension.appex */;
			productType = "com.apple.product-type.app-extension";
		};
/* End PBXNativeTarget section */

/* Begin PBXProject section */
		BEEBAD752172C3F3007A2DB9 /* Project object */ = {
			isa = PBXProject;
			attributes = {
				LastSwiftUpdateCheck = 0920;
				LastUpgradeCheck = 0920;
				ORGANIZATIONNAME = "LEO Technology";
				TargetAttributes = {
					BEEBAD7C2172C3F3007A2DB9 = {
						CreatedOnToolsVersion = 9.2;
						ProvisioningStyle = Automatic;
						SystemCapabilities = {
							com.apple.ApplicationGroups.iOS = {
								enabled = 1;
							};
						};
					};
					BEEBAD952172C4D1007A2DB9 = {
						CreatedOnToolsVersion = 9.2;
						ProvisioningStyle = Automatic;
						SystemCapabilities = {
							com.apple.ApplicationGroups.iOS = {
								enabled = 1;
							};
						};
					};
				};
			};
			buildConfigurationList = BEEBAD782172C3F3007A2DB9 /* Build configuration list for PBXProject "UserDemo" */;
			compatibilityVersion = "Xcode 8.0";
			developmentRegion = en;
			hasScannedForEncodings = 0;
			knownRegions = (
				en,
				Base,
			);
			mainGroup = BEEBAD742172C3F3007A2DB9;
			productRefGroup = BEEBAD7E2172C3F3007A2DB9 /* Products */;
			projectDirPath = "";
			projectRoot = "";
			targets = (
				BEEBAD7C2172C3F3007A2DB9 /* UserDemo */,
				BEEBAD952172C4D1007A2DB9 /* UsersExtension */,
			);
		};
/* End PBXProject section */

/* Begin PBXResourcesBuildPhase section */
		BEEBAD7B2172C3F3007A2DB9 /* Resources */ = {
			isa = PBXResourcesBuildPhase;
			buildActionMask = 2147483647;
			files = (
				BEEBADB22172CC68007A2DB9 /* LaunchScreen 20-23-42-468.storyboard in Resources */,
				BEEBAD882172C3F3007A2DB9 /* Assets.xcassets in Resources */,
			);
			runOnlyForDeploymentPostprocessing = 0;
		};
		BEEBAD942172C4D1007A2DB9 /* Resources */ = {
			isa = PBXResourcesBuildPhase;
			buildActionMask = 2147483647;
			files = (
				BEEBADB52172D648007A2DB9 /* Assets.xcassets in Resources */,
			);
			runOnlyForDeploymentPostprocessing = 0;
		};
/* End PBXResourcesBuildPhase section */

/* Begin PBXSourcesBuildPhase section */
		BEEBAD792172C3F3007A2DB9 /* Sources */ = {
			isa = PBXSourcesBuildPhase;
			buildActionMask = 2147483647;
			files = (
				BEEBAD832172C3F3007A2DB9 /* ViewController.swift in Sources */,
				BEEBADBE2172E0A5007A2DB9 /* Extensions.swift in Sources */,
				BEEBAD812172C3F3007A2DB9 /* AppDelegate.swift in Sources */,
			);
			runOnlyForDeploymentPostprocessing = 0;
		};
		BEEBAD922172C4D1007A2DB9 /* Sources */ = {
			isa = PBXSourcesBuildPhase;
			buildActionMask = 2147483647;
			files = (
				BEEBADA92172C4F2007A2DB9 /* UserModel.swift in Sources */,
				BEEBAD9C2172C4D1007A2DB9 /* TodayViewController.swift in Sources */,
				BEEBADAD2172C5BF007A2DB9 /* UserCell.swift in Sources */,
				BEEBADBF2172E0A5007A2DB9 /* Extensions.swift in Sources */,
			);
			runOnlyForDeploymentPostprocessing = 0;
		};
/* End PBXSourcesBuildPhase section */

/* Begin PBXTargetDependency section */
		BEEBADA22172C4D1007A2DB9 /* PBXTargetDependency */ = {
			isa = PBXTargetDependency;
			target = BEEBAD952172C4D1007A2DB9 /* UsersExtension */;
			targetProxy = BEEBADA12172C4D1007A2DB9 /* PBXContainerItemProxy */;
		};
/* End PBXTargetDependency section */

/* Begin PBXVariantGroup section */
		BEEBADB02172CC68007A2DB9 /* LaunchScreen 20-23-42-468.storyboard */ = {
			isa = PBXVariantGroup;
			children = (
				BEEBADB12172CC68007A2DB9 /* Base */,
			);
			name = "LaunchScreen 20-23-42-468.storyboard";
			sourceTree = "<group>";
		};
/* End PBXVariantGroup section */

/* Begin XCBuildConfiguration section */
		BEEBAD8D2172C3F3007A2DB9 /* Debug */ = {
			isa = XCBuildConfiguration;
			buildSettings = {
				ALWAYS_SEARCH_USER_PATHS = NO;
				CLANG_ANALYZER_NONNULL = YES;
				CLANG_ANALYZER_NUMBER_OBJECT_CONVERSION = YES_AGGRESSIVE;
				CLANG_CXX_LANGUAGE_STANDARD = "gnu++14";
				CLANG_CXX_LIBRARY = "libc++";
				CLANG_ENABLE_MODULES = YES;
				CLANG_ENABLE_OBJC_ARC = YES;
				CLANG_WARN_BLOCK_CAPTURE_AUTORELEASING = YES;
				CLANG_WARN_BOOL_CONVERSION = YES;
				CLANG_WARN_COMMA = YES;
				CLANG_WARN_CONSTANT_CONVERSION = YES;
				CLANG_WARN_DIRECT_OBJC_ISA_USAGE = YES_ERROR;
				CLANG_WARN_DOCUMENTATION_COMMENTS = YES;
				CLANG_WARN_EMPTY_BODY = YES;
				CLANG_WARN_ENUM_CONVERSION = YES;
				CLANG_WARN_INFINITE_RECURSION = YES;
				CLANG_WARN_INT_CONVERSION = YES;
				CLANG_WARN_NON_LITERAL_NULL_CONVERSION = YES;
				CLANG_WARN_OBJC_LITERAL_CONVERSION = YES;
				CLANG_WARN_OBJC_ROOT_CLASS = YES_ERROR;
				CLANG_WARN_RANGE_LOOP_ANALYSIS = YES;
				CLANG_WARN_STRICT_PROTOTYPES = YES;
				CLANG_WARN_SUSPICIOUS_MOVE = YES;
				CLANG_WARN_UNGUARDED_AVAILABILITY = YES_AGGRESSIVE;
				CLANG_WARN_UNREACHABLE_CODE = YES;
				CLANG_WARN__DUPLICATE_METHOD_MATCH = YES;
				CODE_SIGN_IDENTITY = "iPhone Developer";
				COPY_PHASE_STRIP = NO;
				DEBUG_INFORMATION_FORMAT = dwarf;
				ENABLE_STRICT_OBJC_MSGSEND = YES;
				ENABLE_TESTABILITY = YES;
				GCC_C_LANGUAGE_STANDARD = gnu11;
				GCC_DYNAMIC_NO_PIC = NO;
				GCC_NO_COMMON_BLOCKS = YES;
				GCC_OPTIMIZATION_LEVEL = 0;
				GCC_PREPROCESSOR_DEFINITIONS = (
					"DEBUG=1",
					"$(inherited)",
				);
				GCC_WARN_64_TO_32_BIT_CONVERSION = YES;
				GCC_WARN_ABOUT_RETURN_TYPE = YES_ERROR;
				GCC_WARN_UNDECLARED_SELECTOR = YES;
				GCC_WARN_UNINITIALIZED_AUTOS = YES_AGGRESSIVE;
				GCC_WARN_UNUSED_FUNCTION = YES;
				GCC_WARN_UNUSED_VARIABLE = YES;
				IPHONEOS_DEPLOYMENT_TARGET = 11.2;
				MTL_ENABLE_DEBUG_INFO = YES;
				ONLY_ACTIVE_ARCH = YES;
				SDKROOT = iphoneos;
				SWIFT_ACTIVE_COMPILATION_CONDITIONS = DEBUG;
				SWIFT_OPTIMIZATION_LEVEL = "-Onone";
			};
			name = Debug;
		};
		BEEBAD8E2172C3F3007A2DB9 /* Release */ = {
			isa = XCBuildConfiguration;
			buildSettings = {
				ALWAYS_SEARCH_USER_PATHS = NO;
				CLANG_ANALYZER_NONNULL = YES;
				CLANG_ANALYZER_NUMBER_OBJECT_CONVERSION = YES_AGGRESSIVE;
				CLANG_CXX_LANGUAGE_STANDARD = "gnu++14";
				CLANG_CXX_LIBRARY = "libc++";
				CLANG_ENABLE_MODULES = YES;
				CLANG_ENABLE_OBJC_ARC = YES;
				CLANG_WARN_BLOCK_CAPTURE_AUTORELEASING = YES;
				CLANG_WARN_BOOL_CONVERSION = YES;
				CLANG_WARN_COMMA = YES;
				CLANG_WARN_CONSTANT_CONVERSION = YES;
				CLANG_WARN_DIRECT_OBJC_ISA_USAGE = YES_ERROR;
				CLANG_WARN_DOCUMENTATION_COMMENTS = YES;
				CLANG_WARN_EMPTY_BODY = YES;
				CLANG_WARN_ENUM_CONVERSION = YES;
				CLANG_WARN_INFINITE_RECURSION = YES;
				CLANG_WARN_INT_CONVERSION = YES;
				CLANG_WARN_NON_LITERAL_NULL_CONVERSION = YES;
				CLANG_WARN_OBJC_LITERAL_CONVERSION = YES;
				CLANG_WARN_OBJC_ROOT_CLASS = YES_ERROR;
				CLANG_WARN_RANGE_LOOP_ANALYSIS = YES;
				CLANG_WARN_STRICT_PROTOTYPES = YES;
				CLANG_WARN_SUSPICIOUS_MOVE = YES;
				CLANG_WARN_UNGUARDED_AVAILABILITY = YES_AGGRESSIVE;
				CLANG_WARN_UNREACHABLE_CODE = YES;
				CLANG_WARN__DUPLICATE_METHOD_MATCH = YES;
				CODE_SIGN_IDENTITY = "iPhone Developer";
				COPY_PHASE_STRIP = NO;
				DEBUG_INFORMATION_FORMAT = "dwarf-with-dsym";
				ENABLE_NS_ASSERTIONS = NO;
				ENABLE_STRICT_OBJC_MSGSEND = YES;
				GCC_C_LANGUAGE_STANDARD = gnu11;
				GCC_NO_COMMON_BLOCKS = YES;
				GCC_WARN_64_TO_32_BIT_CONVERSION = YES;
				GCC_WARN_ABOUT_RETURN_TYPE = YES_ERROR;
				GCC_WARN_UNDECLARED_SELECTOR = YES;
				GCC_WARN_UNINITIALIZED_AUTOS = YES_AGGRESSIVE;
				GCC_WARN_UNUSED_FUNCTION = YES;
				GCC_WARN_UNUSED_VARIABLE = YES;
				IPHONEOS_DEPLOYMENT_TARGET = 11.2;
				MTL_ENABLE_DEBUG_INFO = NO;
				SDKROOT = iphoneos;
				SWIFT_OPTIMIZATION_LEVEL = "-Owholemodule";
				VALIDATE_PRODUCT = YES;
			};
			name = Release;
		};
		BEEBAD902172C3F3007A2DB9 /* Debug */ = {
			isa = XCBuildConfiguration;
			buildSettings = {
				ALWAYS_EMBED_SWIFT_STANDARD_LIBRARIES = YES;
				ASSETCATALOG_COMPILER_APPICON_NAME = AppIcon;
				CODE_SIGN_ENTITLEMENTS = UserDemo/UserDemo.entitlements;
				CODE_SIGN_STYLE = Automatic;
				DEVELOPMENT_TEAM = ZTX3XXP4XP;
				INFOPLIST_FILE = UserDemo/Info.plist;
				LD_RUNPATH_SEARCH_PATHS = "$(inherited) @executable_path/Frameworks";
				PRODUCT_BUNDLE_IDENTIFIER = leotech.UserDemo;
				PRODUCT_NAME = "$(TARGET_NAME)";
				SWIFT_VERSION = 4.0;
				TARGETED_DEVICE_FAMILY = "1,2";
			};
			name = Debug;
		};
		BEEBAD912172C3F3007A2DB9 /* Release */ = {
			isa = XCBuildConfiguration;
			buildSettings = {
				ALWAYS_EMBED_SWIFT_STANDARD_LIBRARIES = YES;
				ASSETCATALOG_COMPILER_APPICON_NAME = AppIcon;
				CODE_SIGN_ENTITLEMENTS = UserDemo/UserDemo.entitlements;
				CODE_SIGN_STYLE = Automatic;
				DEVELOPMENT_TEAM = ZTX3XXP4XP;
				INFOPLIST_FILE = UserDemo/Info.plist;
				LD_RUNPATH_SEARCH_PATHS = "$(inherited) @executable_path/Frameworks";
				PRODUCT_BUNDLE_IDENTIFIER = leotech.UserDemo;
				PRODUCT_NAME = "$(TARGET_NAME)";
				SWIFT_VERSION = 4.0;
				TARGETED_DEVICE_FAMILY = "1,2";
			};
			name = Release;
		};
		BEEBADA52172C4D1007A2DB9 /* Debug */ = {
			isa = XCBuildConfiguration;
			buildSettings = {
				CODE_SIGN_ENTITLEMENTS = UsersExtension/UsersExtension.entitlements;
				CODE_SIGN_STYLE = Automatic;
				DEVELOPMENT_TEAM = ZTX3XXP4XP;
				INFOPLIST_FILE = UsersExtension/Info.plist;
				IPHONEOS_DEPLOYMENT_TARGET = 11.2;
				LD_RUNPATH_SEARCH_PATHS = "$(inherited) @executable_path/Frameworks @executable_path/../../Frameworks";
				PRODUCT_BUNDLE_IDENTIFIER = leotech.UserDemo.UsersExtension;
				PRODUCT_NAME = "$(TARGET_NAME)";
				SKIP_INSTALL = YES;
				SWIFT_VERSION = 4.0;
				TARGETED_DEVICE_FAMILY = "1,2";
			};
			name = Debug;
		};
		BEEBADA62172C4D1007A2DB9 /* Release */ = {
			isa = XCBuildConfiguration;
			buildSettings = {
				CODE_SIGN_ENTITLEMENTS = UsersExtension/UsersExtension.entitlements;
				CODE_SIGN_STYLE = Automatic;
				DEVELOPMENT_TEAM = ZTX3XXP4XP;
				INFOPLIST_FILE = UsersExtension/Info.plist;
				IPHONEOS_DEPLOYMENT_TARGET = 11.2;
				LD_RUNPATH_SEARCH_PATHS = "$(inherited) @executable_path/Frameworks @executable_path/../../Frameworks";
				PRODUCT_BUNDLE_IDENTIFIER = leotech.UserDemo.UsersExtension;
				PRODUCT_NAME = "$(TARGET_NAME)";
				SKIP_INSTALL = YES;
				SWIFT_VERSION = 4.0;
				TARGETED_DEVICE_FAMILY = "1,2";
			};
			name = Release;
		};
/* End XCBuildConfiguration section */

/* Begin XCConfigurationList section */
		BEEBAD782172C3F3007A2DB9 /* Build configuration list for PBXProject "UserDemo" */ = {
			isa = XCConfigurationList;
			buildConfigurations = (
				BEEBAD8D2172C3F3007A2DB9 /* Debug */,
				BEEBAD8E2172C3F3007A2DB9 /* Release */,
			);
			defaultConfigurationIsVisible = 0;
			defaultConfigurationName = Release;
		};
		BEEBAD8F2172C3F3007A2DB9 /* Build configuration list for PBXNativeTarget "UserDemo" */ = {
			isa = XCConfigurationList;
			buildConfigurations = (
				BEEBAD902172C3F3007A2DB9 /* Debug */,
				BEEBAD912172C3F3007A2DB9 /* Release */,
			);
			defaultConfigurationIsVisible = 0;
			defaultConfigurationName = Release;
		};
		BEEBADA42172C4D1007A2DB9 /* Build configuration list for PBXNativeTarget "UsersExtension" */ = {
			isa = XCConfigurationList;
			buildConfigurations = (
				BEEBADA52172C4D1007A2DB9 /* Debug */,
				BEEBADA62172C4D1007A2DB9 /* Release */,
			);
			defaultConfigurationIsVisible = 0;
			defaultConfigurationName = Release;
		};
/* End XCConfigurationList section */
	};
	rootObject = BEEBAD752172C3F3007A2DB9 /* Project object */;
}
