// !$*UTF8*$!
{
	archiveVersion = 1;
	classes = {
	};
	objectVersion = 48;
	objects = {

/* Begin PBXBuildFile section */
		BEEBAD812172C3F3007A2DB9 /* AppDelegate.swift in Sources */ = {isa = PBXBuildFile; fileRef = BEEBAD802172C3F3007A2DB9 /* AppDelegate.swift */; };
		BEEBAD832172C3F3007A2DB9 /* ViewController.swift in Sources */ = {isa = PBXBuildFile; fileRef = BEEBAD822172C3F3007A2DB9 /* ViewController.swift */; };
		BEEBAD862172C3F3007A2DB9 /* Main.storyboard in Resources */ = {isa = PBXBuildFile; fileRef = BEEBAD842172C3F3007A2DB9 /* Main.storyboard */; };
		BEEBAD882172C3F3007A2DB9 /* Assets.xcassets in Resources */ = {isa = PBXBuildFile; fileRef = BEEBAD872172C3F3007A2DB9 /* Assets.xcassets */; };
		BEEBAD8B2172C3F3007A2DB9 /* LaunchScreen.storyboard in Resources */ = {isa = PBXBuildFile; fileRef = BEEBAD892172C3F3007A2DB9 /* LaunchScreen.storyboard */; };
/* End PBXBuildFile section */

/* Begin PBXFileReference section */
		BEEBAD7D2172C3F3007A2DB9 /* UserDemo.app */ = {isa = PBXFileReference; explicitFileType = wrapper.application; includeInIndex = 0; path = UserDemo.app; sourceTree = BUILT_PRODUCTS_DIR; };
		BEEBAD802172C3F3007A2DB9 /* AppDelegate.swift */ = {isa = PBXFileReference; lastKnownFileType = sourcecode.swift; path = AppDelegate.swift; sourceTree = "<group>"; };
		BEEBAD822172C3F3007A2DB9 /* ViewController.swift */ = {isa = PBXFileReference; lastKnownFileType = sourcecode.swift; path = ViewController.swift; sourceTree = "<group>"; };
		BEEBAD852172C3F3007A2DB9 /* Base */ = {isa = PBXFileReference; lastKnownFileType = file.storyboard; name = Base; path = Base.lproj/Main.storyboard; sourceTree = "<group>"; };
		BEEBAD872172C3F3007A2DB9 /* Assets.xcassets */ = {isa = PBXFileReference; lastKnownFileType = folder.assetcatalog; path = Assets.xcassets; sourceTree = "<group>"; };
		BEEBAD8A2172C3F3007A2DB9 /* Base */ = {isa = PBXFileReference; lastKnownFileType = file.storyboard; name = Base; path = Base.lproj/LaunchScreen.storyboard; sourceTree = "<group>"; };
		BEEBAD8C2172C3F3007A2DB9 /* Info.plist */ = {isa = PBXFileReference; lastKnownFileType = text.plist.xml; path = Info.plist; sourceTree = "<group>"; };
/* End PBXFileReference section */

/* Begin PBXFrameworksBuildPhase section */
		BEEBAD7A2172C3F3007A2DB9 /* Frameworks */ = {
			isa = PBXFrameworksBuildPhase;
			buildActionMask = 2147483647;
			files = (
			);
			runOnlyForDeploymentPostprocessing = 0;
		};
/* End PBXFrameworksBuildPhase section */

/* Begin PBXGroup section */
		BEEBAD742172C3F3007A2DB9 = {
			isa = PBXGroup;
			children = (
				BEEBAD7F2172C3F3007A2DB9 /* UserDemo */,
				BEEBAD7E2172C3F3007A2DB9 /* Products */,
			);
			sourceTree = "<group>";
		};
		BEEBAD7E2172C3F3007A2DB9 /* Products */ = {
			isa = PBXGroup;
			children = (
				BEEBAD7D2172C3F3007A2DB9 /* UserDemo.app */,
			);
			name = Products;
			sourceTree = "<group>";
		};
		BEEBAD7F2172C3F3007A2DB9 /* UserDemo */ = {
			isa = PBXGroup;
			children = (
				BEEBAD802172C3F3007A2DB9 /* AppDelegate.swift */,
				BEEBAD822172C3F3007A2DB9 /* ViewController.swift */,
				BEEBAD842172C3F3007A2DB9 /* Main.storyboard */,
				BEEBAD872172C3F3007A2DB9 /* Assets.xcassets */,
				BEEBAD892172C3F3007A2DB9 /* LaunchScreen.storyboard */,
				BEEBAD8C2172C3F3007A2DB9 /* Info.plist */,
			);
			path = UserDemo;
			sourceTree = "<group>";
		};
/* End PBXGroup section */

/* Begin PBXNativeTarget section */
		BEEBAD7C2172C3F3007A2DB9 /* UserDemo */ = {
			isa = PBXNativeTarget;
			buildConfigurationList = BEEBAD8F2172C3F3007A2DB9 /* Build configuration list for PBXNativeTarget "UserDemo" */;
			buildPhases = (
				BEEBAD792172C3F3007A2DB9 /* Sources */,
				BEEBAD7A2172C3F3007A2DB9 /* Frameworks */,
				BEEBAD7B2172C3F3007A2DB9 /* Resources */,
			);
			buildRules = (
			);
			dependencies = (
			);
			name = UserDemo;
			productName = UserDemo;
			productReference = BEEBAD7D2172C3F3007A2DB9 /* UserDemo.app */;
			productType = "com.apple.product-type.application";
		};
/* End PBXNativeTarget section */

/* Begin PBXProject section */
		BEEBAD752172C3F3007A2DB9 /* Project object */ = {
			isa = PBXProject;
			attributes = {
				LastSwiftUpdateCheck = 0920;
				LastUpgradeCheck = 0920;
				ORGANIZATIONNAME = "LEO Technology";
				TargetAttributes = {
					BEEBAD7C2172C3F3007A2DB9 = {
						CreatedOnToolsVersion = 9.2;
						ProvisioningStyle = Automatic;
					};
				};
			};
			buildConfigurationList = BEEBAD782172C3F3007A2DB9 /* Build configuration list for PBXProject "UserDemo" */;
			compatibilityVersion = "Xcode 8.0";
			developmentRegion = en;
			hasScannedForEncodings = 0;
			knownRegions = (
				en,
				Base,
			);
			mainGroup = BEEBAD742172C3F3007A2DB9;
			productRefGroup = BEEBAD7E2172C3F3007A2DB9 /* Products */;
			projectDirPath = "";
			projectRoot = "";
			targets = (
				BEEBAD7C2172C3F3007A2DB9 /* UserDemo */,
			);
		};
/* End PBXProject section */

/* Begin PBXResourcesBuildPhase section */
		BEEBAD7B2172C3F3007A2DB9 /* Resources */ = {
			isa = PBXResourcesBuildPhase;
			buildActionMask = 2147483647;
			files = (
				BEEBAD8B2172C3F3007A2DB9 /* LaunchScreen.storyboard in Resources */,
				BEEBAD882172C3F3007A2DB9 /* Assets.xcassets in Resources */,
				BEEBAD862172C3F3007A2DB9 /* Main.storyboard in Resources */,
			);
			runOnlyForDeploymentPostprocessing = 0;
		};
/* End PBXResourcesBuildPhase section */

/* Begin PBXSourcesBuildPhase section */
		BEEBAD792172C3F3007A2DB9 /* Sources */ = {
			isa = PBXSourcesBuildPhase;
			buildActionMask = 2147483647;
			files = (
				BEEBAD832172C3F3007A2DB9 /* ViewController.swift in Sources */,
				BEEBAD812172C3F3007A2DB9 /* AppDelegate.swift in Sources */,
			);
			runOnlyForDeploymentPostprocessing = 0;
		};
/* End PBXSourcesBuildPhase section */

/* Begin PBXVariantGroup section */
		BEEBAD842172C3F3007A2DB9 /* Main.storyboard */ = {
			isa = PBXVariantGroup;
			children = (
				BEEBAD852172C3F3007A2DB9 /* Base */,
			);
			name = Main.storyboard;
			sourceTree = "<group>";
		};
		BEEBAD892172C3F3007A2DB9 /* LaunchScreen.storyboard */ = {
			isa = PBXVariantGroup;
			children = (
				BEEBAD8A2172C3F3007A2DB9 /* Base */,
			);
			name = LaunchScreen.storyboard;
			sourceTree = "<group>";
		};
/* End PBXVariantGroup section */

/* Begin XCBuildConfiguration section */
		BEEBAD8D2172C3F3007A2DB9 /* Debug */ = {
			isa = XCBuildConfiguration;
			buildSettings = {
				ALWAYS_SEARCH_USER_PATHS = NO;
				CLANG_ANALYZER_NONNULL = YES;
				CLANG_ANALYZER_NUMBER_OBJECT_CONVERSION = YES_AGGRESSIVE;
				CLANG_CXX_LANGUAGE_STANDARD = "gnu++14";
				CLANG_CXX_LIBRARY = "libc++";
				CLANG_ENABLE_MODULES = YES;
				CLANG_ENABLE_OBJC_ARC = YES;
				CLANG_WARN_BLOCK_CAPTURE_AUTORELEASING = YES;
				CLANG_WARN_BOOL_CONVERSION = YES;
				CLANG_WARN_COMMA = YES;
				CLANG_WARN_CONSTANT_CONVERSION = YES;
				CLANG_WARN_DIRECT_OBJC_ISA_USAGE = YES_ERROR;
				CLANG_WARN_DOCUMENTATION_COMMENTS = YES;
				CLANG_WARN_EMPTY_BODY = YES;
				CLANG_WARN_ENUM_CONVERSION = YES;
				CLANG_WARN_INFINITE_RECURSION = YES;
				CLANG_WARN_INT_CONVERSION = YES;
				CLANG_WARN_NON_LITERAL_NULL_CONVERSION = YES;
				CLANG_WARN_OBJC_LITERAL_CONVERSION = YES;
				CLANG_WARN_OBJC_ROOT_CLASS = YES_ERROR;
				CLANG_WARN_RANGE_LOOP_ANALYSIS = YES;
				CLANG_WARN_STRICT_PROTOTYPES = YES;
				CLANG_WARN_SUSPICIOUS_MOVE = YES;
				CLANG_WARN_UNGUARDED_AVAILABILITY = YES_AGGRESSIVE;
				CLANG_WARN_UNREACHABLE_CODE = YES;
				CLANG_WARN__DUPLICATE_METHOD_MATCH = YES;
				CODE_SIGN_IDENTITY = "iPhone Developer";
				COPY_PHASE_STRIP = NO;
				DEBUG_INFORMATION_FORMAT = dwarf;
				ENABLE_STRICT_OBJC_MSGSEND = YES;
				ENABLE_TESTABILITY = YES;
				GCC_C_LANGUAGE_STANDARD = gnu11;
				GCC_DYNAMIC_NO_PIC = NO;
				GCC_NO_COMMON_BLOCKS = YES;
				GCC_OPTIMIZATION_LEVEL = 0;
				GCC_PREPROCESSOR_DEFINITIONS = (
					"DEBUG=1",
					"$(inherited)",
				);
				GCC_WARN_64_TO_32_BIT_CONVERSION = YES;
				GCC_WARN_ABOUT_RETURN_TYPE = YES_ERROR;
				GCC_WARN_UNDECLARED_SELECTOR = YES;
				GCC_WARN_UNINITIALIZED_AUTOS = YES_AGGRESSIVE;
				GCC_WARN_UNUSED_FUNCTION = YES;
				GCC_WARN_UNUSED_VARIABLE = YES;
				IPHONEOS_DEPLOYMENT_TARGET = 11.2;
				MTL_ENABLE_DEBUG_INFO = YES;
				ONLY_ACTIVE_ARCH = YES;
				SDKROOT = iphoneos;
				SWIFT_ACTIVE_COMPILATION_CONDITIONS = DEBUG;
				SWIFT_OPTIMIZATION_LEVEL = "-Onone";
			};
			name = Debug;
		};
		BEEBAD8E2172C3F3007A2DB9 /* Release */ = {
			isa = XCBuildConfiguration;
			buildSettings = {
				ALWAYS_SEARCH_USER_PATHS = NO;
				CLANG_ANALYZER_NONNULL = YES;
				CLANG_ANALYZER_NUMBER_OBJECT_CONVERSION = YES_AGGRESSIVE;
				CLANG_CXX_LANGUAGE_STANDARD = "gnu++14";
				CLANG_CXX_LIBRARY = "libc++";
				CLANG_ENABLE_MODULES = YES;
				CLANG_ENABLE_OBJC_ARC = YES;
				CLANG_WARN_BLOCK_CAPTURE_AUTORELEASING = YES;
				CLANG_WARN_BOOL_CONVERSION = YES;
				CLANG_WARN_COMMA = YES;
				CLANG_WARN_CONSTANT_CONVERSION = YES;
				CLANG_WARN_DIRECT_OBJC_ISA_USAGE = YES_ERROR;
				CLANG_WARN_DOCUMENTATION_COMMENTS = YES;
				CLANG_WARN_EMPTY_BODY = YES;
				CLANG_WARN_ENUM_CONVERSION = YES;
				CLANG_WARN_INFINITE_RECURSION = YES;
				CLANG_WARN_INT_CONVERSION = YES;
				CLANG_WARN_NON_LITERAL_NULL_CONVERSION = YES;
				CLANG_WARN_OBJC_LITERAL_CONVERSION = YES;
				CLANG_WARN_OBJC_ROOT_CLASS = YES_ERROR;
				CLANG_WARN_RANGE_LOOP_ANALYSIS = YES;
				CLANG_WARN_STRICT_PROTOTYPES = YES;
				CLANG_WARN_SUSPICIOUS_MOVE = YES;
				CLANG_WARN_UNGUARDED_AVAILABILITY = YES_AGGRESSIVE;
				CLANG_WARN_UNREACHABLE_CODE = YES;
				CLANG_WARN__DUPLICATE_METHOD_MATCH = YES;
				CODE_SIGN_IDENTITY = "iPhone Developer";
				COPY_PHASE_STRIP = NO;
				DEBUG_INFORMATION_FORMAT = "dwarf-with-dsym";
				ENABLE_NS_ASSERTIONS = NO;
				ENABLE_STRICT_OBJC_MSGSEND = YES;
				GCC_C_LANGUAGE_STANDARD = gnu11;
				GCC_NO_COMMON_BLOCKS = YES;
				GCC_WARN_64_TO_32_BIT_CONVERSION = YES;
				GCC_WARN_ABOUT_RETURN_TYPE = YES_ERROR;
				GCC_WARN_UNDECLARED_SELECTOR = YES;
				GCC_WARN_UNINITIALIZED_AUTOS = YES_AGGRESSIVE;
				GCC_WARN_UNUSED_FUNCTION = YES;
				GCC_WARN_UNUSED_VARIABLE = YES;
				IPHONEOS_DEPLOYMENT_TARGET = 11.2;
				MTL_ENABLE_DEBUG_INFO = NO;
				SDKROOT = iphoneos;
				SWIFT_OPTIMIZATION_LEVEL = "-Owholemodule";
				VALIDATE_PRODUCT = YES;
			};
			name = Release;
		};
		BEEBAD902172C3F3007A2DB9 /* Debug */ = {
			isa = XCBuildConfiguration;
			buildSettings = {
				ASSETCATALOG_COMPILER_APPICON_NAME = AppIcon;
				CODE_SIGN_STYLE = Automatic;
				DEVELOPMENT_TEAM = ZTX3XXP4XP;
				INFOPLIST_FILE = UserDemo/Info.plist;
				LD_RUNPATH_SEARCH_PATHS = "$(inherited) @executable_path/Frameworks";
				PRODUCT_BUNDLE_IDENTIFIER = leotech.UserDemo;
				PRODUCT_NAME = "$(TARGET_NAME)";
				SWIFT_VERSION = 4.0;
				TARGETED_DEVICE_FAMILY = "1,2";
			};
			name = Debug;
		};
		BEEBAD912172C3F3007A2DB9 /* Release */ = {
			isa = XCBuildConfiguration;
			buildSettings = {
				ASSETCATALOG_COMPILER_APPICON_NAME = AppIcon;
				CODE_SIGN_STYLE = Automatic;
				DEVELOPMENT_TEAM = ZTX3XXP4XP;
				INFOPLIST_FILE = UserDemo/Info.plist;
				LD_RUNPATH_SEARCH_PATHS = "$(inherited) @executable_path/Frameworks";
				PRODUCT_BUNDLE_IDENTIFIER = leotech.UserDemo;
				PRODUCT_NAME = "$(TARGET_NAME)";
				SWIFT_VERSION = 4.0;
				TARGETED_DEVICE_FAMILY = "1,2";
			};
			name = Release;
		};
/* End XCBuildConfiguration section */

/* Begin XCConfigurationList section */
		BEEBAD782172C3F3007A2DB9 /* Build configuration list for PBXProject "UserDemo" */ = {
			isa = XCConfigurationList;
			buildConfigurations = (
				BEEBAD8D2172C3F3007A2DB9 /* Debug */,
				BEEBAD8E2172C3F3007A2DB9 /* Release */,
			);
			defaultConfigurationIsVisible = 0;
			defaultConfigurationName = Release;
		};
		BEEBAD8F2172C3F3007A2DB9 /* Build configuration list for PBXNativeTarget "UserDemo" */ = {
			isa = XCConfigurationList;
			buildConfigurations = (
				BEEBAD902172C3F3007A2DB9 /* Debug */,
				BEEBAD912172C3F3007A2DB9 /* Release */,
			);
			defaultConfigurationIsVisible = 0;
			defaultConfigurationName = Release;
		};
/* End XCConfigurationList section */
	};
	rootObject = BEEBAD752172C3F3007A2DB9 /* Project object */;
}
